
Microsoft Visual Studio Solution File, Format Version 12.00
# Visual Studio Version 17
VisualStudioVersion = 17.5.33516.290
MinimumVisualStudioVersion = 10.0.40219.1
Project("{FAE04EC0-301F-11D3-BF4B-00C04F79EFBC}") = "DockerlikeNamesGenerator", "DockerlikeNamesGenerator.csproj", "{1573F962-4019-4945-933F-A6D096503F7E}"
EndProject
Project("{FAE04EC0-301F-11D3-BF4B-00C04F79EFBC}") = "DockerlikeNamesGenerator.Test", "..\DockerlikeNamesGenerator.Test\DockerlikeNamesGenerator.Test.csproj", "{5CF54148-58C7-4C88-BD37-9A36966C259C}"
EndProject
Global
	GlobalSection(SolutionConfigurationPlatforms) = preSolution
		Debug|Any CPU = Debug|Any CPU
		Release|Any CPU = Release|Any CPU
	EndGlobalSection
	GlobalSection(ProjectConfigurationPlatforms) = postSolution
		{1573F962-4019-4945-933F-A6D096503F7E}.Debug|Any CPU.ActiveCfg = Debug|Any CPU
		{1573F962-4019-4945-933F-A6D096503F7E}.Debug|Any CPU.Build.0 = Debug|Any CPU
		{1573F962-4019-4945-933F-A6D096503F7E}.Release|Any CPU.ActiveCfg = Release|Any CPU
		{1573F962-4019-4945-933F-A6D096503F7E}.Release|Any CPU.Build.0 = Release|Any CPU
		{5CF54148-58C7-4C88-BD37-9A36966C259C}.Debug|Any CPU.ActiveCfg = Debug|Any CPU
		{5CF54148-58C7-4C88-BD37-9A36966C259C}.Debug|Any CPU.Build.0 = Debug|Any CPU
		{5CF54148-58C7-4C88-BD37-9A36966C259C}.Release|Any CPU.ActiveCfg = Release|Any CPU
		{5CF54148-58C7-4C88-BD37-9A36966C259C}.Release|Any CPU.Build.0 = Release|Any CPU
	EndGlobalSection
	GlobalSection(SolutionProperties) = preSolution
		HideSolutionNode = FALSE
	EndGlobalSection
	GlobalSection(ExtensibilityGlobals) = postSolution
		SolutionGuid = {41A00BD4-86B4-4901-A10A-3C0AAC705423}
	EndGlobalSection
EndGlobal
